// !$*UTF8*$!
{
	archiveVersion = 1;
	classes = {
	};
	objectVersion = 46;
	objects = {

/* Begin PBXBuildFile section */
		306260951DEBD07D00E35102 /* IQEngUIPhotoSessionView.m in Sources */ = {isa = PBXBuildFile; fileRef = 306260941DEBD07D00E35102 /* IQEngUIPhotoSessionView.m */; };
		306260981DEBE6A900E35102 /* IQEngUIFaceViewController.m in Sources */ = {isa = PBXBuildFile; fileRef = 306260971DEBE6A900E35102 /* IQEngUIFaceViewController.m */; };
		3062609B1DEBE87100E35102 /* IQEngUIPhotoViewController.m in Sources */ = {isa = PBXBuildFile; fileRef = 3062609A1DEBE87100E35102 /* IQEngUIPhotoViewController.m */; };
		3062609E1DEC3A7500E35102 /* IQEngUIQRCodeView.m in Sources */ = {isa = PBXBuildFile; fileRef = 3062609D1DEC3A7500E35102 /* IQEngUIQRCodeView.m */; };
		306260A61DEE7C4300E35102 /* IQEngUICamera.bundle in Resources */ = {isa = PBXBuildFile; fileRef = 306260A51DEE7C4300E35102 /* IQEngUICamera.bundle */; };
		306260A91DEE7C9A00E35102 /* NSBundle+IQEngUICamera.m in Sources */ = {isa = PBXBuildFile; fileRef = 306260A81DEE7C9A00E35102 /* NSBundle+IQEngUICamera.m */; };
		306260AC1DEE7EE600E35102 /* UIImage+IQEngUICamera.m in Sources */ = {isa = PBXBuildFile; fileRef = 306260AB1DEE7EE600E35102 /* UIImage+IQEngUICamera.m */; };
		30760F711E7790B600BA06B9 /* IQEngUIBackGroundView.m in Sources */ = {isa = PBXBuildFile; fileRef = 30760F6E1E7790B600BA06B9 /* IQEngUIBackGroundView.m */; };
		30760F721E7790B600BA06B9 /* IQEngUIIDCardScanViewController.m in Sources */ = {isa = PBXBuildFile; fileRef = 30760F701E7790B600BA06B9 /* IQEngUIIDCardScanViewController.m */; };
		30760F751E77915800BA06B9 /* UIView+IQEngUICamera.m in Sources */ = {isa = PBXBuildFile; fileRef = 30760F741E77915800BA06B9 /* UIView+IQEngUICamera.m */; };
		3080633C1DDD59C500D8C2F4 /* main.m in Sources */ = {isa = PBXBuildFile; fileRef = 3080633B1DDD59C500D8C2F4 /* main.m */; };
		3080633F1DDD59C500D8C2F4 /* AppDelegate.m in Sources */ = {isa = PBXBuildFile; fileRef = 3080633E1DDD59C500D8C2F4 /* AppDelegate.m */; };
		308063421DDD59C500D8C2F4 /* ViewController.m in Sources */ = {isa = PBXBuildFile; fileRef = 308063411DDD59C500D8C2F4 /* ViewController.m */; };
		308063451DDD59C500D8C2F4 /* Main.storyboard in Resources */ = {isa = PBXBuildFile; fileRef = 308063431DDD59C500D8C2F4 /* Main.storyboard */; };
		308063481DDD59C500D8C2F4 /* _____.xcdatamodeld in Sources */ = {isa = PBXBuildFile; fileRef = 308063461DDD59C500D8C2F4 /* _____.xcdatamodeld */; };
		3080634A1DDD59C500D8C2F4 /* Assets.xcassets in Resources */ = {isa = PBXBuildFile; fileRef = 308063491DDD59C500D8C2F4 /* Assets.xcassets */; };
		3080634D1DDD59C500D8C2F4 /* LaunchScreen.storyboard in Resources */ = {isa = PBXBuildFile; fileRef = 3080634B1DDD59C500D8C2F4 /* LaunchScreen.storyboard */; };
		308063581DDD59C500D8C2F4 /* _____UITests.m in Sources */ = {isa = PBXBuildFile; fileRef = 308063571DDD59C500D8C2F4 /* _____UITests.m */; };
		308063651DDD5B8F00D8C2F4 /* IQEngUIAVCaptureSessionView_base.m in Sources */ = {isa = PBXBuildFile; fileRef = 308063641DDD5B8F00D8C2F4 /* IQEngUIAVCaptureSessionView_base.m */; };
		308063CC1DE2969100D8C2F4 /* IQEngUIQRCodeSessionView.m in Sources */ = {isa = PBXBuildFile; fileRef = 308063CB1DE2969100D8C2F4 /* IQEngUIQRCodeSessionView.m */; };
		308067C51DE4157200D8C2F4 /* IQEngUIQRCodeViewController.m in Sources */ = {isa = PBXBuildFile; fileRef = 308067C41DE4157200D8C2F4 /* IQEngUIQRCodeViewController.m */; };
/* End PBXBuildFile section */

/* Begin PBXContainerItemProxy section */
		308063541DDD59C500D8C2F4 /* PBXContainerItemProxy */ = {
			isa = PBXContainerItemProxy;
			containerPortal = 3080632F1DDD59C500D8C2F4 /* Project object */;
			proxyType = 1;
			remoteGlobalIDString = 308063361DDD59C500D8C2F4;
			remoteInfo = "自定义相机";
		};
/* End PBXContainerItemProxy section */

/* Begin PBXFileReference section */
		306260931DEBD07D00E35102 /* IQEngUIPhotoSessionView.h */ = {isa = PBXFileReference; fileEncoding = 4; lastKnownFileType = sourcecode.c.h; name = IQEngUIPhotoSessionView.h; path = libs/IQEngUIPhotoSessionView.h; sourceTree = "<group>"; };
		306260941DEBD07D00E35102 /* IQEngUIPhotoSessionView.m */ = {isa = PBXFileReference; fileEncoding = 4; lastKnownFileType = sourcecode.c.objc; name = IQEngUIPhotoSessionView.m; path = libs/IQEngUIPhotoSessionView.m; sourceTree = "<group>"; };
		306260961DEBE6A900E35102 /* IQEngUIFaceViewController.h */ = {isa = PBXFileReference; fileEncoding = 4; lastKnownFileType = sourcecode.c.h; path = IQEngUIFaceViewController.h; sourceTree = "<group>"; };
		306260971DEBE6A900E35102 /* IQEngUIFaceViewController.m */ = {isa = PBXFileReference; fileEncoding = 4; lastKnownFileType = sourcecode.c.objc; path = IQEngUIFaceViewController.m; sourceTree = "<group>"; };
		306260991DEBE87100E35102 /* IQEngUIPhotoViewController.h */ = {isa = PBXFileReference; fileEncoding = 4; lastKnownFileType = sourcecode.c.h; path = IQEngUIPhotoViewController.h; sourceTree = "<group>"; };
		3062609A1DEBE87100E35102 /* IQEngUIPhotoViewController.m */ = {isa = PBXFileReference; fileEncoding = 4; lastKnownFileType = sourcecode.c.objc; path = IQEngUIPhotoViewController.m; sourceTree = "<group>"; };
		3062609C1DEC3A7500E35102 /* IQEngUIQRCodeView.h */ = {isa = PBXFileReference; fileEncoding = 4; lastKnownFileType = sourcecode.c.h; name = IQEngUIQRCodeView.h; path = libs/IQEngUIQRCodeView.h; sourceTree = "<group>"; };
		3062609D1DEC3A7500E35102 /* IQEngUIQRCodeView.m */ = {isa = PBXFileReference; fileEncoding = 4; lastKnownFileType = sourcecode.c.objc; name = IQEngUIQRCodeView.m; path = libs/IQEngUIQRCodeView.m; sourceTree = "<group>"; };
		306260A51DEE7C4300E35102 /* IQEngUICamera.bundle */ = {isa = PBXFileReference; lastKnownFileType = "wrapper.plug-in"; name = IQEngUICamera.bundle; path = libs/IQEngUICamera.bundle; sourceTree = "<group>"; };
		306260A71DEE7C9A00E35102 /* NSBundle+IQEngUICamera.h */ = {isa = PBXFileReference; fileEncoding = 4; lastKnownFileType = sourcecode.c.h; name = "NSBundle+IQEngUICamera.h"; path = "libs/NSBundle+IQEngUICamera.h"; sourceTree = "<group>"; };
		306260A81DEE7C9A00E35102 /* NSBundle+IQEngUICamera.m */ = {isa = PBXFileReference; fileEncoding = 4; lastKnownFileType = sourcecode.c.objc; name = "NSBundle+IQEngUICamera.m"; path = "libs/NSBundle+IQEngUICamera.m"; sourceTree = "<group>"; };
		306260AA1DEE7EE600E35102 /* UIImage+IQEngUICamera.h */ = {isa = PBXFileReference; fileEncoding = 4; lastKnownFileType = sourcecode.c.h; name = "UIImage+IQEngUICamera.h"; path = "libs/UIImage+IQEngUICamera.h"; sourceTree = "<group>"; };
		306260AB1DEE7EE600E35102 /* UIImage+IQEngUICamera.m */ = {isa = PBXFileReference; fileEncoding = 4; lastKnownFileType = sourcecode.c.objc; name = "UIImage+IQEngUICamera.m"; path = "libs/UIImage+IQEngUICamera.m"; sourceTree = "<group>"; };
		30760F6D1E7790B600BA06B9 /* IQEngUIBackGroundView.h */ = {isa = PBXFileReference; fileEncoding = 4; lastKnownFileType = sourcecode.c.h; path = IQEngUIBackGroundView.h; sourceTree = "<group>"; };
		30760F6E1E7790B600BA06B9 /* IQEngUIBackGroundView.m */ = {isa = PBXFileReference; fileEncoding = 4; lastKnownFileType = sourcecode.c.objc; path = IQEngUIBackGroundView.m; sourceTree = "<group>"; };
		30760F6F1E7790B600BA06B9 /* IQEngUIIDCardScanViewController.h */ = {isa = PBXFileReference; fileEncoding = 4; lastKnownFileType = sourcecode.c.h; path = IQEngUIIDCardScanViewController.h; sourceTree = "<group>"; };
		30760F701E7790B600BA06B9 /* IQEngUIIDCardScanViewController.m */ = {isa = PBXFileReference; fileEncoding = 4; lastKnownFileType = sourcecode.c.objc; path = IQEngUIIDCardScanViewController.m; sourceTree = "<group>"; };
		30760F731E77915800BA06B9 /* UIView+IQEngUICamera.h */ = {isa = PBXFileReference; fileEncoding = 4; lastKnownFileType = sourcecode.c.h; path = "UIView+IQEngUICamera.h"; sourceTree = "<group>"; };
		30760F741E77915800BA06B9 /* UIView+IQEngUICamera.m */ = {isa = PBXFileReference; fileEncoding = 4; lastKnownFileType = sourcecode.c.objc; path = "UIView+IQEngUICamera.m"; sourceTree = "<group>"; };
		308063371DDD59C500D8C2F4 /* 自定义相机.app */ = {isa = PBXFileReference; explicitFileType = wrapper.application; includeInIndex = 0; path = "自定义相机.app"; sourceTree = BUILT_PRODUCTS_DIR; };
		3080633B1DDD59C500D8C2F4 /* main.m */ = {isa = PBXFileReference; lastKnownFileType = sourcecode.c.objc; path = main.m; sourceTree = "<group>"; };
		3080633D1DDD59C500D8C2F4 /* AppDelegate.h */ = {isa = PBXFileReference; lastKnownFileType = sourcecode.c.h; path = AppDelegate.h; sourceTree = "<group>"; };
		3080633E1DDD59C500D8C2F4 /* AppDelegate.m */ = {isa = PBXFileReference; lastKnownFileType = sourcecode.c.objc; path = AppDelegate.m; sourceTree = "<group>"; };
		308063401DDD59C500D8C2F4 /* ViewController.h */ = {isa = PBXFileReference; lastKnownFileType = sourcecode.c.h; path = ViewController.h; sourceTree = "<group>"; };
		308063411DDD59C500D8C2F4 /* ViewController.m */ = {isa = PBXFileReference; lastKnownFileType = sourcecode.c.objc; path = ViewController.m; sourceTree = "<group>"; };
		308063441DDD59C500D8C2F4 /* Base */ = {isa = PBXFileReference; lastKnownFileType = file.storyboard; name = Base; path = Base.lproj/Main.storyboard; sourceTree = "<group>"; };
		308063471DDD59C500D8C2F4 /* _____.xcdatamodel */ = {isa = PBXFileReference; lastKnownFileType = wrapper.xcdatamodel; path = "_____.xcdatamodel"; sourceTree = "<group>"; };
		308063491DDD59C500D8C2F4 /* Assets.xcassets */ = {isa = PBXFileReference; lastKnownFileType = folder.assetcatalog; path = Assets.xcassets; sourceTree = "<group>"; };
		3080634C1DDD59C500D8C2F4 /* Base */ = {isa = PBXFileReference; lastKnownFileType = file.storyboard; name = Base; path = Base.lproj/LaunchScreen.storyboard; sourceTree = "<group>"; };
		3080634E1DDD59C500D8C2F4 /* Info.plist */ = {isa = PBXFileReference; lastKnownFileType = text.plist.xml; path = Info.plist; sourceTree = "<group>"; };
		308063531DDD59C500D8C2F4 /* 自定义相机UITests.xctest */ = {isa = PBXFileReference; explicitFileType = wrapper.cfbundle; includeInIndex = 0; path = "自定义相机UITests.xctest"; sourceTree = BUILT_PRODUCTS_DIR; };
		308063571DDD59C500D8C2F4 /* _____UITests.m */ = {isa = PBXFileReference; lastKnownFileType = sourcecode.c.objc; path = "_____UITests.m"; sourceTree = "<group>"; };
		308063591DDD59C500D8C2F4 /* Info.plist */ = {isa = PBXFileReference; lastKnownFileType = text.plist.xml; path = Info.plist; sourceTree = "<group>"; };
		308063631DDD5B8F00D8C2F4 /* IQEngUIAVCaptureSessionView_base.h */ = {isa = PBXFileReference; fileEncoding = 4; lastKnownFileType = sourcecode.c.h; name = IQEngUIAVCaptureSessionView_base.h; path = libs/IQEngUIAVCaptureSessionView_base.h; sourceTree = "<group>"; };
		308063641DDD5B8F00D8C2F4 /* IQEngUIAVCaptureSessionView_base.m */ = {isa = PBXFileReference; fileEncoding = 4; lastKnownFileType = sourcecode.c.objc; name = IQEngUIAVCaptureSessionView_base.m; path = libs/IQEngUIAVCaptureSessionView_base.m; sourceTree = "<group>"; };
		308063CA1DE2969100D8C2F4 /* IQEngUIQRCodeSessionView.h */ = {isa = PBXFileReference; fileEncoding = 4; lastKnownFileType = sourcecode.c.h; name = IQEngUIQRCodeSessionView.h; path = libs/IQEngUIQRCodeSessionView.h; sourceTree = "<group>"; };
		308063CB1DE2969100D8C2F4 /* IQEngUIQRCodeSessionView.m */ = {isa = PBXFileReference; fileEncoding = 4; lastKnownFileType = sourcecode.c.objc; name = IQEngUIQRCodeSessionView.m; path = libs/IQEngUIQRCodeSessionView.m; sourceTree = "<group>"; };
		308067C31DE4157200D8C2F4 /* IQEngUIQRCodeViewController.h */ = {isa = PBXFileReference; fileEncoding = 4; lastKnownFileType = sourcecode.c.h; path = IQEngUIQRCodeViewController.h; sourceTree = "<group>"; };
		308067C41DE4157200D8C2F4 /* IQEngUIQRCodeViewController.m */ = {isa = PBXFileReference; fileEncoding = 4; lastKnownFileType = sourcecode.c.objc; path = IQEngUIQRCodeViewController.m; sourceTree = "<group>"; };
/* End PBXFileReference section */

/* Begin PBXFrameworksBuildPhase section */
		308063341DDD59C500D8C2F4 /* Frameworks */ = {
			isa = PBXFrameworksBuildPhase;
			buildActionMask = 2147483647;
			files = (
			);
			runOnlyForDeploymentPostprocessing = 0;
		};
		308063501DDD59C500D8C2F4 /* Frameworks */ = {
			isa = PBXFrameworksBuildPhase;
			buildActionMask = 2147483647;
			files = (
			);
			runOnlyForDeploymentPostprocessing = 0;
		};
/* End PBXFrameworksBuildPhase section */

/* Begin PBXGroup section */
		306260AD1DEE7EEA00E35102 /* base */ = {
			isa = PBXGroup;
			children = (
				30760F731E77915800BA06B9 /* UIView+IQEngUICamera.h */,
				30760F741E77915800BA06B9 /* UIView+IQEngUICamera.m */,
				306260A71DEE7C9A00E35102 /* NSBundle+IQEngUICamera.h */,
				306260A81DEE7C9A00E35102 /* NSBundle+IQEngUICamera.m */,
				306260AA1DEE7EE600E35102 /* UIImage+IQEngUICamera.h */,
				306260AB1DEE7EE600E35102 /* UIImage+IQEngUICamera.m */,
			);
			name = base;
			sourceTree = "<group>";
		};
		30760F761E7791DE00BA06B9 /* dome1 */ = {
			isa = PBXGroup;
			children = (
				308067C31DE4157200D8C2F4 /* IQEngUIQRCodeViewController.h */,
				308067C41DE4157200D8C2F4 /* IQEngUIQRCodeViewController.m */,
			);
			name = dome1;
			sourceTree = "<group>";
		};
		30760F771E7791E900BA06B9 /* dome2 */ = {
			isa = PBXGroup;
			children = (
				306260961DEBE6A900E35102 /* IQEngUIFaceViewController.h */,
				306260971DEBE6A900E35102 /* IQEngUIFaceViewController.m */,
			);
			name = dome2;
			sourceTree = "<group>";
		};
		30760F781E77921000BA06B9 /* dome3 */ = {
			isa = PBXGroup;
			children = (
				306260991DEBE87100E35102 /* IQEngUIPhotoViewController.h */,
				3062609A1DEBE87100E35102 /* IQEngUIPhotoViewController.m */,
			);
			name = dome3;
			sourceTree = "<group>";
		};
		30760F791E77922000BA06B9 /* dome4 */ = {
			isa = PBXGroup;
			children = (
				30760F6D1E7790B600BA06B9 /* IQEngUIBackGroundView.h */,
				30760F6E1E7790B600BA06B9 /* IQEngUIBackGroundView.m */,
				30760F6F1E7790B600BA06B9 /* IQEngUIIDCardScanViewController.h */,
				30760F701E7790B600BA06B9 /* IQEngUIIDCardScanViewController.m */,
			);
			name = dome4;
			sourceTree = "<group>";
		};
		3080632E1DDD59C500D8C2F4 = {
			isa = PBXGroup;
			children = (
				308063391DDD59C500D8C2F4 /* 自定义相机 */,
				308063561DDD59C500D8C2F4 /* 自定义相机UITests */,
				308063381DDD59C500D8C2F4 /* Products */,
			);
			sourceTree = "<group>";
		};
		308063381DDD59C500D8C2F4 /* Products */ = {
			isa = PBXGroup;
			children = (
				308063371DDD59C500D8C2F4 /* 自定义相机.app */,
				308063531DDD59C500D8C2F4 /* 自定义相机UITests.xctest */,
			);
			name = Products;
			sourceTree = "<group>";
		};
		308063391DDD59C500D8C2F4 /* 自定义相机 */ = {
			isa = PBXGroup;
			children = (
				308063621DDD59FC00D8C2F4 /* libs */,
				308063401DDD59C500D8C2F4 /* ViewController.h */,
				308063411DDD59C500D8C2F4 /* ViewController.m */,
				30760F761E7791DE00BA06B9 /* dome1 */,
				30760F771E7791E900BA06B9 /* dome2 */,
				30760F781E77921000BA06B9 /* dome3 */,
				30760F791E77922000BA06B9 /* dome4 */,
				3080633A1DDD59C500D8C2F4 /* Supporting Files */,
			);
			path = "自定义相机";
			sourceTree = "<group>";
		};
		3080633A1DDD59C500D8C2F4 /* Supporting Files */ = {
			isa = PBXGroup;
			children = (
				308063431DDD59C500D8C2F4 /* Main.storyboard */,
				308063491DDD59C500D8C2F4 /* Assets.xcassets */,
				3080634B1DDD59C500D8C2F4 /* LaunchScreen.storyboard */,
				3080634E1DDD59C500D8C2F4 /* Info.plist */,
				308063461DDD59C500D8C2F4 /* _____.xcdatamodeld */,
				3080633D1DDD59C500D8C2F4 /* AppDelegate.h */,
				3080633E1DDD59C500D8C2F4 /* AppDelegate.m */,
				3080633B1DDD59C500D8C2F4 /* main.m */,
			);
			name = "Supporting Files";
			sourceTree = "<group>";
		};
		308063561DDD59C500D8C2F4 /* 自定义相机UITests */ = {
			isa = PBXGroup;
			children = (
				308063571DDD59C500D8C2F4 /* _____UITests.m */,
				308063591DDD59C500D8C2F4 /* Info.plist */,
			);
			path = "自定义相机UITests";
			sourceTree = "<group>";
		};
		308063621DDD59FC00D8C2F4 /* libs */ = {
			isa = PBXGroup;
			children = (
				306260AD1DEE7EEA00E35102 /* base */,
				306260A51DEE7C4300E35102 /* IQEngUICamera.bundle */,
				308063631DDD5B8F00D8C2F4 /* IQEngUIAVCaptureSessionView_base.h */,
				308063641DDD5B8F00D8C2F4 /* IQEngUIAVCaptureSessionView_base.m */,
				308063CA1DE2969100D8C2F4 /* IQEngUIQRCodeSessionView.h */,
				308063CB1DE2969100D8C2F4 /* IQEngUIQRCodeSessionView.m */,
				306260931DEBD07D00E35102 /* IQEngUIPhotoSessionView.h */,
				306260941DEBD07D00E35102 /* IQEngUIPhotoSessionView.m */,
				3062609C1DEC3A7500E35102 /* IQEngUIQRCodeView.h */,
				3062609D1DEC3A7500E35102 /* IQEngUIQRCodeView.m */,
			);
			name = libs;
			sourceTree = "<group>";
		};
/* End PBXGroup section */

/* Begin PBXNativeTarget section */
		308063361DDD59C500D8C2F4 /* 自定义相机 */ = {
			isa = PBXNativeTarget;
			buildConfigurationList = 3080635C1DDD59C500D8C2F4 /* Build configuration list for PBXNativeTarget "自定义相机" */;
			buildPhases = (
				308063331DDD59C500D8C2F4 /* Sources */,
				308063341DDD59C500D8C2F4 /* Frameworks */,
				308063351DDD59C500D8C2F4 /* Resources */,
			);
			buildRules = (
			);
			dependencies = (
			);
			name = "自定义相机";
			productName = "自定义相机";
			productReference = 308063371DDD59C500D8C2F4 /* 自定义相机.app */;
			productType = "com.apple.product-type.application";
		};
		308063521DDD59C500D8C2F4 /* 自定义相机UITests */ = {
			isa = PBXNativeTarget;
			buildConfigurationList = 3080635F1DDD59C500D8C2F4 /* Build configuration list for PBXNativeTarget "自定义相机UITests" */;
			buildPhases = (
				3080634F1DDD59C500D8C2F4 /* Sources */,
				308063501DDD59C500D8C2F4 /* Frameworks */,
				308063511DDD59C500D8C2F4 /* Resources */,
			);
			buildRules = (
			);
			dependencies = (
				308063551DDD59C500D8C2F4 /* PBXTargetDependency */,
			);
			name = "自定义相机UITests";
			productName = "自定义相机UITests";
			productReference = 308063531DDD59C500D8C2F4 /* 自定义相机UITests.xctest */;
			productType = "com.apple.product-type.bundle.ui-testing";
		};
/* End PBXNativeTarget section */

/* Begin PBXProject section */
		3080632F1DDD59C500D8C2F4 /* Project object */ = {
			isa = PBXProject;
			attributes = {
				LastUpgradeCheck = 0800;
				ORGANIZATIONNAME = Herson;
				TargetAttributes = {
					308063361DDD59C500D8C2F4 = {
						CreatedOnToolsVersion = 8.0;
						DevelopmentTeam = 3B3Z5L9KTV;
						ProvisioningStyle = Automatic;
					};
					308063521DDD59C500D8C2F4 = {
						CreatedOnToolsVersion = 8.0;
						DevelopmentTeam = 3B3Z5L9KTV;
						ProvisioningStyle = Automatic;
						TestTargetID = 308063361DDD59C500D8C2F4;
					};
				};
			};
			buildConfigurationList = 308063321DDD59C500D8C2F4 /* Build configuration list for PBXProject "自定义相机" */;
			compatibilityVersion = "Xcode 3.2";
			developmentRegion = English;
			hasScannedForEncodings = 0;
			knownRegions = (
				en,
				Base,
			);
			mainGroup = 3080632E1DDD59C500D8C2F4;
			productRefGroup = 308063381DDD59C500D8C2F4 /* Products */;
			projectDirPath = "";
			projectRoot = "";
			targets = (
				308063361DDD59C500D8C2F4 /* 自定义相机 */,
				308063521DDD59C500D8C2F4 /* 自定义相机UITests */,
			);
		};
/* End PBXProject section */

/* Begin PBXResourcesBuildPhase section */
		308063351DDD59C500D8C2F4 /* Resources */ = {
			isa = PBXResourcesBuildPhase;
			buildActionMask = 2147483647;
			files = (
				306260A61DEE7C4300E35102 /* IQEngUICamera.bundle in Resources */,
				3080634D1DDD59C500D8C2F4 /* LaunchScreen.storyboard in Resources */,
				3080634A1DDD59C500D8C2F4 /* Assets.xcassets in Resources */,
				308063451DDD59C500D8C2F4 /* Main.storyboard in Resources */,
			);
			runOnlyForDeploymentPostprocessing = 0;
		};
		308063511DDD59C500D8C2F4 /* Resources */ = {
			isa = PBXResourcesBuildPhase;
			buildActionMask = 2147483647;
			files = (
			);
			runOnlyForDeploymentPostprocessing = 0;
		};
/* End PBXResourcesBuildPhase section */

/* Begin PBXSourcesBuildPhase section */
		308063331DDD59C500D8C2F4 /* Sources */ = {
			isa = PBXSourcesBuildPhase;
			buildActionMask = 2147483647;
			files = (
				30760F751E77915800BA06B9 /* UIView+IQEngUICamera.m in Sources */,
				308063651DDD5B8F00D8C2F4 /* IQEngUIAVCaptureSessionView_base.m in Sources */,
				308067C51DE4157200D8C2F4 /* IQEngUIQRCodeViewController.m in Sources */,
				3062609B1DEBE87100E35102 /* IQEngUIPhotoViewController.m in Sources */,
				308063421DDD59C500D8C2F4 /* ViewController.m in Sources */,
				306260A91DEE7C9A00E35102 /* NSBundle+IQEngUICamera.m in Sources */,
				308063CC1DE2969100D8C2F4 /* IQEngUIQRCodeSessionView.m in Sources */,
				308063481DDD59C500D8C2F4 /* _____.xcdatamodeld in Sources */,
				306260AC1DEE7EE600E35102 /* UIImage+IQEngUICamera.m in Sources */,
				3080633F1DDD59C500D8C2F4 /* AppDelegate.m in Sources */,
				3062609E1DEC3A7500E35102 /* IQEngUIQRCodeView.m in Sources */,
				3080633C1DDD59C500D8C2F4 /* main.m in Sources */,
				30760F711E7790B600BA06B9 /* IQEngUIBackGroundView.m in Sources */,
				306260951DEBD07D00E35102 /* IQEngUIPhotoSessionView.m in Sources */,
				306260981DEBE6A900E35102 /* IQEngUIFaceViewController.m in Sources */,
				30760F721E7790B600BA06B9 /* IQEngUIIDCardScanViewController.m in Sources */,
			);
			runOnlyForDeploymentPostprocessing = 0;
		};
		3080634F1DDD59C500D8C2F4 /* Sources */ = {
			isa = PBXSourcesBuildPhase;
			buildActionMask = 2147483647;
			files = (
				308063581DDD59C500D8C2F4 /* _____UITests.m in Sources */,
			);
			runOnlyForDeploymentPostprocessing = 0;
		};
/* End PBXSourcesBuildPhase section */

/* Begin PBXTargetDependency section */
		308063551DDD59C500D8C2F4 /* PBXTargetDependency */ = {
			isa = PBXTargetDependency;
			target = 308063361DDD59C500D8C2F4 /* 自定义相机 */;
			targetProxy = 308063541DDD59C500D8C2F4 /* PBXContainerItemProxy */;
		};
/* End PBXTargetDependency section */

/* Begin PBXVariantGroup section */
		308063431DDD59C500D8C2F4 /* Main.storyboard */ = {
			isa = PBXVariantGroup;
			children = (
				308063441DDD59C500D8C2F4 /* Base */,
			);
			name = Main.storyboard;
			sourceTree = "<group>";
		};
		3080634B1DDD59C500D8C2F4 /* LaunchScreen.storyboard */ = {
			isa = PBXVariantGroup;
			children = (
				3080634C1DDD59C500D8C2F4 /* Base */,
			);
			name = LaunchScreen.storyboard;
			sourceTree = "<group>";
		};
/* End PBXVariantGroup section */

/* Begin XCBuildConfiguration section */
		3080635A1DDD59C500D8C2F4 /* Debug */ = {
			isa = XCBuildConfiguration;
			buildSettings = {
				ALWAYS_SEARCH_USER_PATHS = NO;
				CLANG_ANALYZER_NONNULL = YES;
				CLANG_CXX_LANGUAGE_STANDARD = "gnu++0x";
				CLANG_CXX_LIBRARY = "libc++";
				CLANG_ENABLE_MODULES = YES;
				CLANG_ENABLE_OBJC_ARC = YES;
				CLANG_WARN_BOOL_CONVERSION = YES;
				CLANG_WARN_CONSTANT_CONVERSION = YES;
				CLANG_WARN_DIRECT_OBJC_ISA_USAGE = YES_ERROR;
				CLANG_WARN_DOCUMENTATION_COMMENTS = YES;
				CLANG_WARN_EMPTY_BODY = YES;
				CLANG_WARN_ENUM_CONVERSION = YES;
				CLANG_WARN_INFINITE_RECURSION = YES;
				CLANG_WARN_INT_CONVERSION = YES;
				CLANG_WARN_OBJC_ROOT_CLASS = YES_ERROR;
				CLANG_WARN_SUSPICIOUS_MOVES = YES;
				CLANG_WARN_UNREACHABLE_CODE = YES;
				CLANG_WARN__DUPLICATE_METHOD_MATCH = YES;
				"CODE_SIGN_IDENTITY[sdk=iphoneos*]" = "iPhone Developer";
				COPY_PHASE_STRIP = NO;
				DEBUG_INFORMATION_FORMAT = dwarf;
				ENABLE_STRICT_OBJC_MSGSEND = YES;
				ENABLE_TESTABILITY = YES;
				GCC_C_LANGUAGE_STANDARD = gnu99;
				GCC_DYNAMIC_NO_PIC = NO;
				GCC_NO_COMMON_BLOCKS = YES;
				GCC_OPTIMIZATION_LEVEL = 0;
				GCC_PREPROCESSOR_DEFINITIONS = (
					"DEBUG=1",
					"$(inherited)",
				);
				GCC_WARN_64_TO_32_BIT_CONVERSION = YES;
				GCC_WARN_ABOUT_RETURN_TYPE = YES_ERROR;
				GCC_WARN_UNDECLARED_SELECTOR = YES;
				GCC_WARN_UNINITIALIZED_AUTOS = YES_AGGRESSIVE;
				GCC_WARN_UNUSED_FUNCTION = YES;
				GCC_WARN_UNUSED_VARIABLE = YES;
				IPHONEOS_DEPLOYMENT_TARGET = 10.0;
				MTL_ENABLE_DEBUG_INFO = YES;
				ONLY_ACTIVE_ARCH = YES;
				SDKROOT = iphoneos;
			};
			name = Debug;
		};
		3080635B1DDD59C500D8C2F4 /* Release */ = {
			isa = XCBuildConfiguration;
			buildSettings = {
				ALWAYS_SEARCH_USER_PATHS = NO;
				CLANG_ANALYZER_NONNULL = YES;
				CLANG_CXX_LANGUAGE_STANDARD = "gnu++0x";
				CLANG_CXX_LIBRARY = "libc++";
				CLANG_ENABLE_MODULES = YES;
				CLANG_ENABLE_OBJC_ARC = YES;
				CLANG_WARN_BOOL_CONVERSION = YES;
				CLANG_WARN_CONSTANT_CONVERSION = YES;
				CLANG_WARN_DIRECT_OBJC_ISA_USAGE = YES_ERROR;
				CLANG_WARN_DOCUMENTATION_COMMENTS = YES;
				CLANG_WARN_EMPTY_BODY = YES;
				CLANG_WARN_ENUM_CONVERSION = YES;
				CLANG_WARN_INFINITE_RECURSION = YES;
				CLANG_WARN_INT_CONVERSION = YES;
				CLANG_WARN_OBJC_ROOT_CLASS = YES_ERROR;
				CLANG_WARN_SUSPICIOUS_MOVES = YES;
				CLANG_WARN_UNREACHABLE_CODE = YES;
				CLANG_WARN__DUPLICATE_METHOD_MATCH = YES;
				"CODE_SIGN_IDENTITY[sdk=iphoneos*]" = "iPhone Developer";
				COPY_PHASE_STRIP = NO;
				DEBUG_INFORMATION_FORMAT = "dwarf-with-dsym";
				ENABLE_NS_ASSERTIONS = NO;
				ENABLE_STRICT_OBJC_MSGSEND = YES;
				GCC_C_LANGUAGE_STANDARD = gnu99;
				GCC_NO_COMMON_BLOCKS = YES;
				GCC_WARN_64_TO_32_BIT_CONVERSION = YES;
				GCC_WARN_ABOUT_RETURN_TYPE = YES_ERROR;
				GCC_WARN_UNDECLARED_SELECTOR = YES;
				GCC_WARN_UNINITIALIZED_AUTOS = YES_AGGRESSIVE;
				GCC_WARN_UNUSED_FUNCTION = YES;
				GCC_WARN_UNUSED_VARIABLE = YES;
				IPHONEOS_DEPLOYMENT_TARGET = 10.0;
				MTL_ENABLE_DEBUG_INFO = NO;
				SDKROOT = iphoneos;
				VALIDATE_PRODUCT = YES;
			};
			name = Release;
		};
		3080635D1DDD59C500D8C2F4 /* Debug */ = {
			isa = XCBuildConfiguration;
			buildSettings = {
				ASSETCATALOG_COMPILER_APPICON_NAME = AppIcon;
				DEVELOPMENT_TEAM = 3B3Z5L9KTV;
				FRAMEWORK_SEARCH_PATHS = (
					"$(inherited)",
					"$(PROJECT_DIR)",
				);
				INFOPLIST_FILE = "自定义相机/Info.plist";
				LD_RUNPATH_SEARCH_PATHS = "$(inherited) @executable_path/Frameworks";
				PRODUCT_BUNDLE_IDENTIFIER = "HermaVista.-----";
				PRODUCT_NAME = "$(TARGET_NAME)";
			};
			name = Debug;
		};
		3080635E1DDD59C500D8C2F4 /* Release */ = {
			isa = XCBuildConfiguration;
			buildSettings = {
				ASSETCATALOG_COMPILER_APPICON_NAME = AppIcon;
				DEVELOPMENT_TEAM = 3B3Z5L9KTV;
				FRAMEWORK_SEARCH_PATHS = (
					"$(inherited)",
					"$(PROJECT_DIR)",
				);
				INFOPLIST_FILE = "自定义相机/Info.plist";
				LD_RUNPATH_SEARCH_PATHS = "$(inherited) @executable_path/Frameworks";
				PRODUCT_BUNDLE_IDENTIFIER = "HermaVista.-----";
				PRODUCT_NAME = "$(TARGET_NAME)";
			};
			name = Release;
		};
		308063601DDD59C500D8C2F4 /* Debug */ = {
			isa = XCBuildConfiguration;
			buildSettings = {
				DEVELOPMENT_TEAM = 3B3Z5L9KTV;
				INFOPLIST_FILE = "自定义相机UITests/Info.plist";
				LD_RUNPATH_SEARCH_PATHS = "$(inherited) @executable_path/Frameworks @loader_path/Frameworks";
				PRODUCT_BUNDLE_IDENTIFIER = "HermaVista.-----UITests";
				PRODUCT_NAME = "$(TARGET_NAME)";
				TEST_TARGET_NAME = "自定义相机";
			};
			name = Debug;
		};
		308063611DDD59C500D8C2F4 /* Release */ = {
			isa = XCBuildConfiguration;
			buildSettings = {
				DEVELOPMENT_TEAM = 3B3Z5L9KTV;
				INFOPLIST_FILE = "自定义相机UITests/Info.plist";
				LD_RUNPATH_SEARCH_PATHS = "$(inherited) @executable_path/Frameworks @loader_path/Frameworks";
				PRODUCT_BUNDLE_IDENTIFIER = "HermaVista.-----UITests";
				PRODUCT_NAME = "$(TARGET_NAME)";
				TEST_TARGET_NAME = "自定义相机";
			};
			name = Release;
		};
/* End XCBuildConfiguration section */

/* Begin XCConfigurationList section */
		308063321DDD59C500D8C2F4 /* Build configuration list for PBXProject "自定义相机" */ = {
			isa = XCConfigurationList;
			buildConfigurations = (
				3080635A1DDD59C500D8C2F4 /* Debug */,
				3080635B1DDD59C500D8C2F4 /* Release */,
			);
			defaultConfigurationIsVisible = 0;
			defaultConfigurationName = Release;
		};
		3080635C1DDD59C500D8C2F4 /* Build configuration list for PBXNativeTarget "自定义相机" */ = {
			isa = XCConfigurationList;
			buildConfigurations = (
				3080635D1DDD59C500D8C2F4 /* Debug */,
				3080635E1DDD59C500D8C2F4 /* Release */,
			);
			defaultConfigurationIsVisible = 0;
			defaultConfigurationName = Release;
		};
		3080635F1DDD59C500D8C2F4 /* Build configuration list for PBXNativeTarget "自定义相机UITests" */ = {
			isa = XCConfigurationList;
			buildConfigurations = (
				308063601DDD59C500D8C2F4 /* Debug */,
				308063611DDD59C500D8C2F4 /* Release */,
			);
			defaultConfigurationIsVisible = 0;
			defaultConfigurationName = Release;
		};
/* End XCConfigurationList section */

/* Begin XCVersionGroup section */
		308063461DDD59C500D8C2F4 /* _____.xcdatamodeld */ = {
			isa = XCVersionGroup;
			children = (
				308063471DDD59C500D8C2F4 /* _____.xcdatamodel */,
			);
			currentVersion = 308063471DDD59C500D8C2F4 /* _____.xcdatamodel */;
			path = "_____.xcdatamodeld";
			sourceTree = "<group>";
			versionGroupType = wrapper.xcdatamodel;
		};
/* End XCVersionGroup section */
	};
	rootObject = 3080632F1DDD59C500D8C2F4 /* Project object */;
}
